lockfileVersion: '9.0'

settings:
  autoInstallPeers: true
  excludeLinksFromLockfile: false

importers:

  .:
    dependencies:
      '@tiptap/core':
        specifier: 3.27.1
        version: 3.27.1(@tiptap/pm@3.27.1)
      '@tiptap/extension-mention':
        specifier: 3.27.1
        version: 3.27.1(@tiptap/core@3.27.1(@tiptap/pm@3.27.1))(@tiptap/pm@3.27.1)(@tiptap/suggestion@3.27.1(@floating-ui/dom@1.7.6)(@tiptap/core@3.27.1(@tiptap/pm@3.27.1))(@tiptap/pm@3.27.1))
      '@tiptap/extension-placeholder':
        specifier: 3.27.1
        version: 3.27.1(@tiptap/extensions@3.27.1(@tiptap/core@3.27.1(@tiptap/pm@3.27.1))(@tiptap/pm@3.27.1))
      '@tiptap/react':
        specifier: 3.27.1
        version: 3.27.1(@floating-ui/dom@1.7.6)(@tiptap/core@3.27.1(@tiptap/pm@3.27.1))(@tiptap/pm@3.27.1)(@types/react-dom@19.2.3(@types/react@19.2.17))(@types/react@19.2.17)(react-dom@19.2.7(react@19.2.7))(react@19.2.7)
      '@tiptap/starter-kit':
        specifier: 3.27.1
        version: 3.27.1
      '@tiptap/suggestion':
        specifier: 3.27.1
        version: 3.27.1(@floating-ui/dom@1.7.6)(@tiptap/core@3.27.1(@tiptap/pm@3.27.1))(@tiptap/pm@3.27.1)

packages:

  '@floating-ui/core@1.7.5':
    resolution: {integrity: sha512-1Ih4WTWyw0+lKyFMcBHGbb5U5FtuHJuujoyyr5zTaWS5EYMeT6Jb2AuDeftsCsEuchO+mM2ij5+q9crhydzLhQ==}

  '@floating-ui/dom@1.7.6':
    resolution: {integrity: sha512-9gZSAI5XM36880PPMm//9dfiEngYoC6Am2izES1FF406YFsjvyBMmeJ2g4SAju3xWwtuynNRFL2s9hgxpLI5SQ==}

  '@floating-ui/utils@0.2.11':
    resolution: {integrity: sha512-RiB/yIh78pcIxl6lLMG0CgBXAZ2Y0eVHqMPYugu+9U0AeT6YBeiJpf7lbdJNIugFP5SIjwNRgo4DhR1Qxi26Gg==}

  '@tiptap/core@3.27.1':
    resolution: {integrity: sha512-rV6Qn4wmC6BxfF+4mu6bqGWj9vA4oXXhsrpXaJL2uhjxeHAGofjwcHof2X84VYzeyXgdlsGmqKie4TAppVXZUQ==}
    peerDependencies:
      '@tiptap/pm': 3.27.1

  '@tiptap/extension-blockquote@3.27.1':
    resolution: {integrity: sha512-VMF7xJx6qEGiX6DTKNiL31NLqypOcd/4sNjFSe8rb41PwejBJh/nOqVIbBvWkiT6NMGFLxMhj7zJ8/zPo1hXeg==}
    peerDependencies:
      '@tiptap/core': 3.27.1

  '@tiptap/extension-bold@3.27.1':
    resolution: {integrity: sha512-TlC5bsS+pqETTrlz4CZz9RO/cKBYtELGIxwtKeivUn3eNfnOxQbbu4WDsiwIfzRFyd0OMnKl6BPM2KnYEehoEQ==}
    peerDependencies:
      '@tiptap/core': 3.27.1

  '@tiptap/extension-bubble-menu@3.27.1':
    resolution: {integrity: sha512-j/j8Qp9Z5nViade2m7zjrO/CYH/Ca80Qj7aqo0eUaei6FZQ5izlF9o4XQU5EFMAutV6mwynsPUp8FVo5sCuYfw==}
    peerDependencies:
      '@tiptap/core': 3.27.1
      '@tiptap/pm': 3.27.1

  '@tiptap/extension-bullet-list@3.27.1':
    resolution: {integrity: sha512-faCUHnRP47o9Zh9VZZX6EX/569udw9Vopm2PgEKPWuKLE2qaS5WBuUVU0iItdJmKUqaWiOZkpoW4jvnDmj0dfg==}
    peerDependencies:
      '@tiptap/extension-list': 3.27.1

  '@tiptap/extension-code-block@3.27.1':
    resolution: {integrity: sha512-pHlzmZx2OlHfyQ0yRlT5UL4mGokz947DthZuYefN1OleVqOkHpWBG+2JQwqoNq6bmzMne92zbH32rhcJUEYSjA==}
    peerDependencies:
      '@tiptap/core': 3.27.1
      '@tiptap/pm': 3.27.1

  '@tiptap/extension-code@3.27.1':
    resolution: {integrity: sha512-epOUpFfEmBzjvnqvjv2qHX7NAuLo5dlOGV690lWu+sAYMjibuJBeVvAiKPyFCfRCCTUxdbDB3jbaOA1yEcEJ7w==}
    peerDependencies:
      '@tiptap/core': 3.27.1

  '@tiptap/extension-document@3.27.1':
    resolution: {integrity: sha512-8FbBTkfnRP4iVaoj+2h3iWa+H0eGDD3yTyVCwrmue/sQTkqUNUoSuAZa3GDG4Sd41xdPwTJxl9nUWGgM1qDCnw==}
    peerDependencies:
      '@tiptap/core': 3.27.1

  '@tiptap/extension-dropcursor@3.27.1':
    resolution: {integrity: sha512-blFf9x9RG0Qr7P3FoAH/033ffa+mMLZn34trVs8Vi0Ppk6FmJAg5HpYFOtmYoeREdNDJ5rHJKV7SoACbOHgskQ==}
    peerDependencies:
      '@tiptap/extensions': 3.27.1

  '@tiptap/extension-floating-menu@3.27.1':
    resolution: {integrity: sha512-BmJF1VqB7dSJkgAalrpVFj88WLhxKjcWPuWHOqf2ITrUU2832BhKLXKmxjWUy1gqV8PfNNVWtGfIERy7I0y0+Q==}
    peerDependencies:
      '@floating-ui/dom': ^1.0.0
      '@tiptap/core': 3.27.1
      '@tiptap/pm': 3.27.1

  '@tiptap/extension-gapcursor@3.27.1':
    resolution: {integrity: sha512-QoezN0wdvXIwLQ4ee2ccWDaX3RG0lzgQpIMpMz55oPDhpUVax1+19ApsS53LkcktpS4EbnPL4xO4DaJk0Vp7PQ==}
    peerDependencies:
      '@tiptap/extensions': 3.27.1

  '@tiptap/extension-hard-break@3.27.1':
    resolution: {integrity: sha512-iv/m9hzl6jfSj9Q8UEjAxONvCoUDaP7M9SRCPx3PaLNxA230TTD6RE0Ye4zFJ8ze7ZVoJJMAqg9Qpq1iYg2JOQ==}
    peerDependencies:
      '@tiptap/core': 3.27.1

  '@tiptap/extension-heading@3.27.1':
    resolution: {integrity: sha512-SrC4l1kEIyv9ZXFaI/8LQqU2MyMmjczw7XXsWUQOTN4YXv0JyVgMNR3cI/wz0d2xsTfBdZ1N85Tdng+Ga1t0Sg==}
    peerDependencies:
      '@tiptap/core': 3.27.1

  '@tiptap/extension-horizontal-rule@3.27.1':
    resolution: {integrity: sha512-QlKE7qn5qMnIGVGhXQlvYedvLtNJ9z0dmit5w8vPb8tKzW4Spk6M7N2kruprrDA8GBwHfeR5wmF+njfUm34qxg==}
    peerDependencies:
      '@tiptap/core': 3.27.1
      '@tiptap/pm': 3.27.1

  '@tiptap/extension-italic@3.27.1':
    resolution: {integrity: sha512-jGGeyn9uRUnNjSTHpbqhiGsp6KaYTSbV09jDXPJI9cDwfV9hpugLvpaCZd0BMBbhU1B1W6kOfX0BE15qX/HQfA==}
    peerDependencies:
      '@tiptap/core': 3.27.1

  '@tiptap/extension-link@3.27.1':
    resolution: {integrity: sha512-/2jBfsxBZUDGJmpZifqRQPz7f1E5qpS1BckTZ39TADzUJX+feKy7RJ3DtQ02+8y6SSMzvP9loGVjrk6zEMTk4g==}
    peerDependencies:
      '@tiptap/core': 3.27.1
      '@tiptap/pm': 3.27.1

  '@tiptap/extension-list-item@3.27.1':
    resolution: {integrity: sha512-zwRl01ETfCkWUvtvK5fw9bXtAajMPkvlkE3Cq6JvH3LF7XXJwDtNj5Tj7exacMpCaSZmlNc43vFb2rAYnrnwMA==}
    peerDependencies:
      '@tiptap/extension-list': 3.27.1

  '@tiptap/extension-list-keymap@3.27.1':
    resolution: {integrity: sha512-OIMZNlzPSO8WRd4ic73Fxckzl4N1tesjjLL2XApaNA/uMpO0LoF6WSRPAWv+Z24Wp92ARRJAnRP7iZoI5+Jxig==}
    peerDependencies:
      '@tiptap/extension-list': 3.27.1

  '@tiptap/extension-list@3.27.1':
    resolution: {integrity: sha512-c2Upru7lj0/ZV/Ibww6cNz6sUS8m6Dp/9uygFhYcZOd3X8M0xBIEk42c6m6SQehkPziVA8QOgNJz7sMqsbz1OQ==}
    peerDependencies:
      '@tiptap/core': 3.27.1
      '@tiptap/pm': 3.27.1

  '@tiptap/extension-mention@3.27.1':
    resolution: {integrity: sha512-QfaKdl8PET01JvEFrIjMcOC1iYrBm2tsZEn07J1AaCqClW9iWcg/nCAdkdFhVir1fC54SLuaui43xslBawQRFg==}
    peerDependencies:
      '@tiptap/core': 3.27.1
      '@tiptap/pm': 3.27.1
      '@tiptap/suggestion': 3.27.1

  '@tiptap/extension-ordered-list@3.27.1':
    resolution: {integrity: sha512-GYrKqD//9nHJ2r80uXqbDMzRnFpGzbaEQRTSGaO/SH7DvXWFMow8evkOdjQ7PCQO07jNjJo75+A85Jwu3Ov3AA==}
    peerDependencies:
      '@tiptap/extension-list': 3.27.1

  '@tiptap/extension-paragraph@3.27.1':
    resolution: {integrity: sha512-7K7eo1gruOgAsnbK+GCV23AUVUI0cL1bTig8HaPneoFMVbig7vddk8jNLKBWO8TXVbG7TuHdnDN4F98vdtwh5Q==}
    peerDependencies:
      '@tiptap/core': 3.27.1

  '@tiptap/extension-placeholder@3.27.1':
    resolution: {integrity: sha512-lhcNDcczQ75yJOSywCHb58Hmtg1aPL/2TdYmeLPxVrP048D7rRs133sfONcgyyw0AvhnfmPOkHLTv3QtKSowhw==}
    peerDependencies:
      '@tiptap/extensions': 3.27.1

  '@tiptap/extension-strike@3.27.1':
    resolution: {integrity: sha512-Y3DW1jlSlCNCyMGHP3+3qBNNPS83wuFz4RTYGjZtvRRTCRh7apZme9XRWMq1rN5mJ2Cr7fKocA2/5Bs13KgN6Q==}
    peerDependencies:
      '@tiptap/core': 3.27.1

  '@tiptap/extension-text@3.27.1':
    resolution: {integrity: sha512-6ZwaZwSrDh+KFFv6V1J79oO37yPs7y1bFxvk1/9Ih2rn3Xr5AWz+eMS+n8RpH3djBVVAQpdIAeYQgcn+VCSsTg==}
    peerDependencies:
      '@tiptap/core': 3.27.1

  '@tiptap/extension-underline@3.27.1':
    resolution: {integrity: sha512-N889J4nXN/TPfVt8uF9N1A0SY82E90zwc1y26lqOcw6KWNLmQrlhMh/9OD4ikLDbekmFpOBq/UicpHf/6S8hbQ==}
    peerDependencies:
      '@tiptap/core': 3.27.1

  '@tiptap/extensions@3.27.1':
    resolution: {integrity: sha512-1Tdx9faw8k0/83V6X+xCDVhV8yElGt95JxeW3YMkKQJI56QdlPz0xOdJPlMiSGJKinPyVier+x9LJD/YZUZIaw==}
    peerDependencies:
      '@tiptap/core': 3.27.1
      '@tiptap/pm': 3.27.1

  '@tiptap/pm@3.27.1':
    resolution: {integrity: sha512-Ffjx+vimmBU7zH/KrpXzJid3+pziCe/VL2aexSTP63cyQwKQ65LkFkCKaIsSpFdQQuakVZBGWjCA5RoBV852pw==}

  '@tiptap/react@3.27.1':
    resolution: {integrity: sha512-/Wn2fc9zMtX08MXYScDFsm4wJ8lzfhfPEdbtls7WCDlbtrop48PWlkHDBBJrywARfAQTB2mFs9KiFy9yrQm5Lg==}
    peerDependencies:
      '@tiptap/core': 3.27.1
      '@tiptap/pm': 3.27.1
      '@types/react': ^17.0.0 || ^18.0.0 || ^19.0.0
      '@types/react-dom': ^17.0.0 || ^18.0.0 || ^19.0.0
      react: ^17.0.0 || ^18.0.0 || ^19.0.0
      react-dom: ^17.0.0 || ^18.0.0 || ^19.0.0

  '@tiptap/starter-kit@3.27.1':
    resolution: {integrity: sha512-vfxRsqW8rCc0k4pzo0ilU3wobVi2wqVj88VZI2SlgZlNnUAkrDGDIAph7CTa9k9fshV+O1ivpEgPC5yC046jow==}

  '@tiptap/suggestion@3.27.1':
    resolution: {integrity: sha512-GNBPRav+lAfXzqmmUAS6ylRAn3G8JfsP6XosjoORxJIQJLx1ktDqwp6tm1Vgz9aGIM2TrBxLS1uBbI1Gb2/1VA==}
    peerDependencies:
      '@floating-ui/dom': ^1.0.0
      '@tiptap/core': 3.27.1
      '@tiptap/pm': 3.27.1

  '@types/react-dom@19.2.3':
    resolution: {integrity: sha512-jp2L/eY6fn+KgVVQAOqYItbF0VY/YApe5Mz2F0aykSO8gx31bYCZyvSeYxCHKvzHG5eZjc+zyaS5BrBWya2+kQ==}
    peerDependencies:
      '@types/react': ^19.2.0

  '@types/react@19.2.17':
    resolution: {integrity: sha512-MXfmqaVPEVgkBT/aY0aGCkRWWtByiYQXo3xdQ8r5RzuFrPiRn8Gar2tQdXSUQ2GKV3bkXckek89V8wQBY2Q/Aw==}

  '@types/use-sync-external-store@0.0.6':
    resolution: {integrity: sha512-zFDAD+tlpf2r4asuHEj0XH6pY6i0g5NeAHPn+15wk3BV6JA69eERFXC1gyGThDkVa1zCyKr5jox1+2LbV/AMLg==}

  csstype@3.2.3:
    resolution: {integrity: sha512-z1HGKcYy2xA8AGQfwrn0PAy+PB7X/GSj3UVJW9qKyn43xWa+gl5nXmU4qqLMRzWVLFC8KusUX8T/0kCiOYpAIQ==}

  fast-equals@5.4.0:
    resolution: {integrity: sha512-jt2DW/aNFNwke7AUd+Z+e6pz39KO5rzdbbFCg2sGafS4mk13MI7Z8O5z9cADNn5lhGODIgLwug6TZO2ctf7kcw==}
    engines: {node: '>=6.0.0'}

  linkifyjs@4.3.3:
    resolution: {integrity: sha512-P8aEP5U/D1/IlTY2OeYsErdwh9bGuLE30NcXtKEjgdHcahveQoQwM2yZNsioQHsWFz0P7KKudisbrzCgR0sDHg==}

  orderedmap@2.1.1:
    resolution: {integrity: sha512-TvAWxi0nDe1j/rtMcWcIj94+Ffe6n7zhow33h40SKxmsmozs6dz/e+EajymfoFcHd7sxNn8yHM8839uixMOV6g==}

  prosemirror-changeset@2.4.1:
    resolution: {integrity: sha512-96WBLhOaYhJ+kPhLg3uW359Tz6I/MfcrQfL4EGv4SrcqKEMC1gmoGrXHecPE8eOwTVCJ4IwgfzM8fFad25wNfw==}

  prosemirror-commands@1.7.1:
    resolution: {integrity: sha512-rT7qZnQtx5c0/y/KlYaGvtG411S97UaL6gdp6RIZ23DLHanMYLyfGBV5DtSnZdthQql7W+lEVbpSfwtO8T+L2w==}

  prosemirror-dropcursor@1.8.2:
    resolution: {integrity: sha512-CCk6Gyx9+Tt2sbYk5NK0nB1ukHi2ryaRgadV/LvyNuO3ena1payM2z6Cg0vO1ebK8cxbzo41ku2DE5Axj1Zuiw==}

  prosemirror-gapcursor@1.4.1:
    resolution: {integrity: sha512-pMdYaEnjNMSwl11yjEGtgTmLkR08m/Vl+Jj443167p9eB3HVQKhYCc4gmHVDsLPODfZfjr/MmirsdyZziXbQKw==}

  prosemirror-history@1.5.0:
    resolution: {integrity: sha512-zlzTiH01eKA55UAf1MEjtssJeHnGxO0j4K4Dpx+gnmX9n+SHNlDqI2oO1Kv1iPN5B1dm5fsljCfqKF9nFL6HRg==}

  prosemirror-inputrules@1.5.1:
    resolution: {integrity: sha512-7wj4uMjKaXWAQ1CDgxNzNtR9AlsuwzHfdFH1ygEHA2KHF2DOEaXl1CJfNPAKCg9qNEh4rum975QLaCiQPyY6Fw==}

  prosemirror-keymap@1.2.3:
    resolution: {integrity: sha512-4HucRlpiLd1IPQQXNqeo81BGtkY8Ai5smHhKW9jjPKRc2wQIxksg7Hl1tTI2IfT2B/LgX6bfYvXxEpJl7aKYKw==}

  prosemirror-model@1.25.9:
    resolution: {integrity: sha512-pRTklkDDMMRopyoAcrr9wV/8g/RYgrLHBuJAb5hlEuYZRdm5yqmPjWId83fpBwPpSFqEdja0H7Dfd7z1X/npcA==}

  prosemirror-schema-list@1.5.1:
    resolution: {integrity: sha512-927lFx/uwyQaGwJxLWCZRkjXG0p48KpMj6ueoYiu4JX05GGuGcgzAy62dfiV8eFZftgyBUvLx76RsMe20fJl+Q==}

  prosemirror-state@1.4.4:
    resolution: {integrity: sha512-6jiYHH2CIGbCfnxdHbXZ12gySFY/fz/ulZE333G6bPqIZ4F+TXo9ifiR86nAHpWnfoNjOb3o5ESi7J8Uz1jXHw==}

  prosemirror-tables@1.8.5:
    resolution: {integrity: sha512-V/0cDCsHKHe/tfWkeCmthNUcEp1IVO3p6vwN8XtwE9PZQLAZJigbw3QoraAdfJPir4NKJtNvOB8oYGKRl+t0Dw==}

  prosemirror-transform@1.12.0:
    resolution: {integrity: sha512-GxboyN4AMIsoHNtz5uf2r2Ru551i5hWeCMD6E2Ib4Eogqoub0NflniaBPVQ4MrGE5yZ8JV9tUHg9qcZTTrcN4w==}

  prosemirror-view@1.42.0:
    resolution: {integrity: sha512-N54DF3OXNWDuP81G1kbfCys8ZzIjuL1VnvJ2mk5STSu/fNxWIcX/EutQLA3s9KR/2wVhgDi4hzBB/1fINVxk0A==}

  react-dom@19.2.7:
    resolution: {integrity: sha512-t0BRVXvbiE/o20Hfw669rLbMCDWtYZLvmJigy2f0MxsXF+71pxhR3xOkspmsO8h3ZlNzyibAmtCa3l4lYKk6gQ==}
    peerDependencies:
      react: ^19.2.7

  react@19.2.7:
    resolution: {integrity: sha512-HNe9WslTbXmFK8o8cmwgAeJFSBvt1bPdHCVKtaaV+WlAN36mpT4hcRpwbf3fY56ar2oIXzsBpOAiIRHAdY0OlQ==}
    engines: {node: '>=0.10.0'}

  rope-sequence@1.3.4:
    resolution: {integrity: sha512-UT5EDe2cu2E/6O4igUr5PSFs23nvvukicWHx6GnOPlHAiiYbzNuCRQCuiUdHJQcqKalLKlrYJnjY0ySGsXNQXQ==}

  scheduler@0.27.0:
    resolution: {integrity: sha512-eNv+WrVbKu1f3vbYJT/xtiF5syA5HPIMtf9IgY/nKg0sWqzAUEvqY/xm7OcZc/qafLx/iO9FgOmeSAp4v5ti/Q==}

  use-sync-external-store@1.6.0:
    resolution: {integrity: sha512-Pp6GSwGP/NrPIrxVFAIkOQeyw8lFenOHijQWkUTrDvrF4ALqylP2C/KCkeS9dpUM3KvYRQhna5vt7IL95+ZQ9w==}
    peerDependencies:
      react: ^16.8.0 || ^17.0.0 || ^18.0.0 || ^19.0.0

  w3c-keyname@2.2.8:
    resolution: {integrity: sha512-dpojBhNsCNN7T82Tm7k26A6G9ML3NkhDsnw9n/eoxSRlVBB4CEtIQ/KTCLI2Fwf3ataSXRhYFkQi3SlnFwPvPQ==}

snapshots:

  '@floating-ui/core@1.7.5':
    dependencies:
      '@floating-ui/utils': 0.2.11

  '@floating-ui/dom@1.7.6':
    dependencies:
      '@floating-ui/core': 1.7.5
      '@floating-ui/utils': 0.2.11

  '@floating-ui/utils@0.2.11': {}

  '@tiptap/core@3.27.1(@tiptap/pm@3.27.1)':
    dependencies:
      '@tiptap/pm': 3.27.1

  '@tiptap/extension-blockquote@3.27.1(@tiptap/core@3.27.1(@tiptap/pm@3.27.1))':
    dependencies:
      '@tiptap/core': 3.27.1(@tiptap/pm@3.27.1)

  '@tiptap/extension-bold@3.27.1(@tiptap/core@3.27.1(@tiptap/pm@3.27.1))':
    dependencies:
      '@tiptap/core': 3.27.1(@tiptap/pm@3.27.1)

  '@tiptap/extension-bubble-menu@3.27.1(@tiptap/core@3.27.1(@tiptap/pm@3.27.1))(@tiptap/pm@3.27.1)':
    dependencies:
      '@floating-ui/dom': 1.7.6
      '@tiptap/core': 3.27.1(@tiptap/pm@3.27.1)
      '@tiptap/pm': 3.27.1
    optional: true

  '@tiptap/extension-bullet-list@3.27.1(@tiptap/extension-list@3.27.1(@tiptap/core@3.27.1(@tiptap/pm@3.27.1))(@tiptap/pm@3.27.1))':
    dependencies:
      '@tiptap/extension-list': 3.27.1(@tiptap/core@3.27.1(@tiptap/pm@3.27.1))(@tiptap/pm@3.27.1)

  '@tiptap/extension-code-block@3.27.1(@tiptap/core@3.27.1(@tiptap/pm@3.27.1))(@tiptap/pm@3.27.1)':
    dependencies:
      '@tiptap/core': 3.27.1(@tiptap/pm@3.27.1)
      '@tiptap/pm': 3.27.1

  '@tiptap/extension-code@3.27.1(@tiptap/core@3.27.1(@tiptap/pm@3.27.1))':
    dependencies:
      '@tiptap/core': 3.27.1(@tiptap/pm@3.27.1)

  '@tiptap/extension-document@3.27.1(@tiptap/core@3.27.1(@tiptap/pm@3.27.1))':
    dependencies:
      '@tiptap/core': 3.27.1(@tiptap/pm@3.27.1)

  '@tiptap/extension-dropcursor@3.27.1(@tiptap/extensions@3.27.1(@tiptap/core@3.27.1(@tiptap/pm@3.27.1))(@tiptap/pm@3.27.1))':
    dependencies:
      '@tiptap/extensions': 3.27.1(@tiptap/core@3.27.1(@tiptap/pm@3.27.1))(@tiptap/pm@3.27.1)

  '@tiptap/extension-floating-menu@3.27.1(@floating-ui/dom@1.7.6)(@tiptap/core@3.27.1(@tiptap/pm@3.27.1))(@tiptap/pm@3.27.1)':
    dependencies:
      '@floating-ui/dom': 1.7.6
      '@tiptap/core': 3.27.1(@tiptap/pm@3.27.1)
      '@tiptap/pm': 3.27.1
    optional: true

  '@tiptap/extension-gapcursor@3.27.1(@tiptap/extensions@3.27.1(@tiptap/core@3.27.1(@tiptap/pm@3.27.1))(@tiptap/pm@3.27.1))':
    dependencies:
      '@tiptap/extensions': 3.27.1(@tiptap/core@3.27.1(@tiptap/pm@3.27.1))(@tiptap/pm@3.27.1)

  '@tiptap/extension-hard-break@3.27.1(@tiptap/core@3.27.1(@tiptap/pm@3.27.1))':
    dependencies:
      '@tiptap/core': 3.27.1(@tiptap/pm@3.27.1)

  '@tiptap/extension-heading@3.27.1(@tiptap/core@3.27.1(@tiptap/pm@3.27.1))':
    dependencies:
      '@tiptap/core': 3.27.1(@tiptap/pm@3.27.1)

  '@tiptap/extension-horizontal-rule@3.27.1(@tiptap/core@3.27.1(@tiptap/pm@3.27.1))(@tiptap/pm@3.27.1)':
    dependencies:
      '@tiptap/core': 3.27.1(@tiptap/pm@3.27.1)
      '@tiptap/pm': 3.27.1

  '@tiptap/extension-italic@3.27.1(@tiptap/core@3.27.1(@tiptap/pm@3.27.1))':
    dependencies:
      '@tiptap/core': 3.27.1(@tiptap/pm@3.27.1)

  '@tiptap/extension-link@3.27.1(@tiptap/core@3.27.1(@tiptap/pm@3.27.1))(@tiptap/pm@3.27.1)':
    dependencies:
      '@tiptap/core': 3.27.1(@tiptap/pm@3.27.1)
      '@tiptap/pm': 3.27.1
      linkifyjs: 4.3.3

  '@tiptap/extension-list-item@3.27.1(@tiptap/extension-list@3.27.1(@tiptap/core@3.27.1(@tiptap/pm@3.27.1))(@tiptap/pm@3.27.1))':
    dependencies:
      '@tiptap/extension-list': 3.27.1(@tiptap/core@3.27.1(@tiptap/pm@3.27.1))(@tiptap/pm@3.27.1)

  '@tiptap/extension-list-keymap@3.27.1(@tiptap/extension-list@3.27.1(@tiptap/core@3.27.1(@tiptap/pm@3.27.1))(@tiptap/pm@3.27.1))':
    dependencies:
      '@tiptap/extension-list': 3.27.1(@tiptap/core@3.27.1(@tiptap/pm@3.27.1))(@tiptap/pm@3.27.1)

  '@tiptap/extension-list@3.27.1(@tiptap/core@3.27.1(@tiptap/pm@3.27.1))(@tiptap/pm@3.27.1)':
    dependencies:
      '@tiptap/core': 3.27.1(@tiptap/pm@3.27.1)
      '@tiptap/pm': 3.27.1

  '@tiptap/extension-mention@3.27.1(@tiptap/core@3.27.1(@tiptap/pm@3.27.1))(@tiptap/pm@3.27.1)(@tiptap/suggestion@3.27.1(@floating-ui/dom@1.7.6)(@tiptap/core@3.27.1(@tiptap/pm@3.27.1))(@tiptap/pm@3.27.1))':
    dependencies:
      '@tiptap/core': 3.27.1(@tiptap/pm@3.27.1)
      '@tiptap/pm': 3.27.1
      '@tiptap/suggestion': 3.27.1(@floating-ui/dom@1.7.6)(@tiptap/core@3.27.1(@tiptap/pm@3.27.1))(@tiptap/pm@3.27.1)

  '@tiptap/extension-ordered-list@3.27.1(@tiptap/extension-list@3.27.1(@tiptap/core@3.27.1(@tiptap/pm@3.27.1))(@tiptap/pm@3.27.1))':
    dependencies:
      '@tiptap/extension-list': 3.27.1(@tiptap/core@3.27.1(@tiptap/pm@3.27.1))(@tiptap/pm@3.27.1)

  '@tiptap/extension-paragraph@3.27.1(@tiptap/core@3.27.1(@tiptap/pm@3.27.1))':
    dependencies:
      '@tiptap/core': 3.27.1(@tiptap/pm@3.27.1)

  '@tiptap/extension-placeholder@3.27.1(@tiptap/extensions@3.27.1(@tiptap/core@3.27.1(@tiptap/pm@3.27.1))(@tiptap/pm@3.27.1))':
    dependencies:
      '@tiptap/extensions': 3.27.1(@tiptap/core@3.27.1(@tiptap/pm@3.27.1))(@tiptap/pm@3.27.1)

  '@tiptap/extension-strike@3.27.1(@tiptap/core@3.27.1(@tiptap/pm@3.27.1))':
    dependencies:
      '@tiptap/core': 3.27.1(@tiptap/pm@3.27.1)

  '@tiptap/extension-text@3.27.1(@tiptap/core@3.27.1(@tiptap/pm@3.27.1))':
    dependencies:
      '@tiptap/core': 3.27.1(@tiptap/pm@3.27.1)

  '@tiptap/extension-underline@3.27.1(@tiptap/core@3.27.1(@tiptap/pm@3.27.1))':
    dependencies:
      '@tiptap/core': 3.27.1(@tiptap/pm@3.27.1)

  '@tiptap/extensions@3.27.1(@tiptap/core@3.27.1(@tiptap/pm@3.27.1))(@tiptap/pm@3.27.1)':
    dependencies:
      '@tiptap/core': 3.27.1(@tiptap/pm@3.27.1)
      '@tiptap/pm': 3.27.1

  '@tiptap/pm@3.27.1':
    dependencies:
      prosemirror-changeset: 2.4.1
      prosemirror-commands: 1.7.1
      prosemirror-dropcursor: 1.8.2
      prosemirror-gapcursor: 1.4.1
      prosemirror-history: 1.5.0
      prosemirror-inputrules: 1.5.1
      prosemirror-keymap: 1.2.3
      prosemirror-model: 1.25.9
      prosemirror-schema-list: 1.5.1
      prosemirror-state: 1.4.4
      prosemirror-tables: 1.8.5
      prosemirror-transform: 1.12.0
      prosemirror-view: 1.42.0

  '@tiptap/react@3.27.1(@floating-ui/dom@1.7.6)(@tiptap/core@3.27.1(@tiptap/pm@3.27.1))(@tiptap/pm@3.27.1)(@types/react-dom@19.2.3(@types/react@19.2.17))(@types/react@19.2.17)(react-dom@19.2.7(react@19.2.7))(react@19.2.7)':
    dependencies:
      '@tiptap/core': 3.27.1(@tiptap/pm@3.27.1)
      '@tiptap/pm': 3.27.1
      '@types/react': 19.2.17
      '@types/react-dom': 19.2.3(@types/react@19.2.17)
      '@types/use-sync-external-store': 0.0.6
      fast-equals: 5.4.0
      react: 19.2.7
      react-dom: 19.2.7(react@19.2.7)
      use-sync-external-store: 1.6.0(react@19.2.7)
    optionalDependencies:
      '@tiptap/extension-bubble-menu': 3.27.1(@tiptap/core@3.27.1(@tiptap/pm@3.27.1))(@tiptap/pm@3.27.1)
      '@tiptap/extension-floating-menu': 3.27.1(@floating-ui/dom@1.7.6)(@tiptap/core@3.27.1(@tiptap/pm@3.27.1))(@tiptap/pm@3.27.1)
    transitivePeerDependencies:
      - '@floating-ui/dom'

  '@tiptap/starter-kit@3.27.1':
    dependencies:
      '@tiptap/core': 3.27.1(@tiptap/pm@3.27.1)
      '@tiptap/extension-blockquote': 3.27.1(@tiptap/core@3.27.1(@tiptap/pm@3.27.1))
      '@tiptap/extension-bold': 3.27.1(@tiptap/core@3.27.1(@tiptap/pm@3.27.1))
      '@tiptap/extension-bullet-list': 3.27.1(@tiptap/extension-list@3.27.1(@tiptap/core@3.27.1(@tiptap/pm@3.27.1))(@tiptap/pm@3.27.1))
      '@tiptap/extension-code': 3.27.1(@tiptap/core@3.27.1(@tiptap/pm@3.27.1))
      '@tiptap/extension-code-block': 3.27.1(@tiptap/core@3.27.1(@tiptap/pm@3.27.1))(@tiptap/pm@3.27.1)
      '@tiptap/extension-document': 3.27.1(@tiptap/core@3.27.1(@tiptap/pm@3.27.1))
      '@tiptap/extension-dropcursor': 3.27.1(@tiptap/extensions@3.27.1(@tiptap/core@3.27.1(@tiptap/pm@3.27.1))(@tiptap/pm@3.27.1))
      '@tiptap/extension-gapcursor': 3.27.1(@tiptap/extensions@3.27.1(@tiptap/core@3.27.1(@tiptap/pm@3.27.1))(@tiptap/pm@3.27.1))
      '@tiptap/extension-hard-break': 3.27.1(@tiptap/core@3.27.1(@tiptap/pm@3.27.1))
      '@tiptap/extension-heading': 3.27.1(@tiptap/core@3.27.1(@tiptap/pm@3.27.1))
      '@tiptap/extension-horizontal-rule': 3.27.1(@tiptap/core@3.27.1(@tiptap/pm@3.27.1))(@tiptap/pm@3.27.1)
      '@tiptap/extension-italic': 3.27.1(@tiptap/core@3.27.1(@tiptap/pm@3.27.1))
      '@tiptap/extension-link': 3.27.1(@tiptap/core@3.27.1(@tiptap/pm@3.27.1))(@tiptap/pm@3.27.1)
      '@tiptap/extension-list': 3.27.1(@tiptap/core@3.27.1(@tiptap/pm@3.27.1))(@tiptap/pm@3.27.1)
      '@tiptap/extension-list-item': 3.27.1(@tiptap/extension-list@3.27.1(@tiptap/core@3.27.1(@tiptap/pm@3.27.1))(@tiptap/pm@3.27.1))
      '@tiptap/extension-list-keymap': 3.27.1(@tiptap/extension-list@3.27.1(@tiptap/core@3.27.1(@tiptap/pm@3.27.1))(@tiptap/pm@3.27.1))
      '@tiptap/extension-ordered-list': 3.27.1(@tiptap/extension-list@3.27.1(@tiptap/core@3.27.1(@tiptap/pm@3.27.1))(@tiptap/pm@3.27.1))
      '@tiptap/extension-paragraph': 3.27.1(@tiptap/core@3.27.1(@tiptap/pm@3.27.1))
      '@tiptap/extension-strike': 3.27.1(@tiptap/core@3.27.1(@tiptap/pm@3.27.1))
      '@tiptap/extension-text': 3.27.1(@tiptap/core@3.27.1(@tiptap/pm@3.27.1))
      '@tiptap/extension-underline': 3.27.1(@tiptap/core@3.27.1(@tiptap/pm@3.27.1))
      '@tiptap/extensions': 3.27.1(@tiptap/core@3.27.1(@tiptap/pm@3.27.1))(@tiptap/pm@3.27.1)
      '@tiptap/pm': 3.27.1

  '@tiptap/suggestion@3.27.1(@floating-ui/dom@1.7.6)(@tiptap/core@3.27.1(@tiptap/pm@3.27.1))(@tiptap/pm@3.27.1)':
    dependencies:
      '@floating-ui/dom': 1.7.6
      '@tiptap/core': 3.27.1(@tiptap/pm@3.27.1)
      '@tiptap/pm': 3.27.1

  '@types/react-dom@19.2.3(@types/react@19.2.17)':
    dependencies:
      '@types/react': 19.2.17

  '@types/react@19.2.17':
    dependencies:
      csstype: 3.2.3

  '@types/use-sync-external-store@0.0.6': {}

  csstype@3.2.3: {}

  fast-equals@5.4.0: {}

  linkifyjs@4.3.3: {}

  orderedmap@2.1.1: {}

  prosemirror-changeset@2.4.1:
    dependencies:
      prosemirror-transform: 1.12.0

  prosemirror-commands@1.7.1:
    dependencies:
      prosemirror-model: 1.25.9
      prosemirror-state: 1.4.4
      prosemirror-transform: 1.12.0

  prosemirror-dropcursor@1.8.2:
    dependencies:
      prosemirror-state: 1.4.4
      prosemirror-transform: 1.12.0
      prosemirror-view: 1.42.0

  prosemirror-gapcursor@1.4.1:
    dependencies:
      prosemirror-keymap: 1.2.3
      prosemirror-model: 1.25.9
      prosemirror-state: 1.4.4
      prosemirror-view: 1.42.0

  prosemirror-history@1.5.0:
    dependencies:
      prosemirror-state: 1.4.4
      prosemirror-transform: 1.12.0
      prosemirror-view: 1.42.0
      rope-sequence: 1.3.4

  prosemirror-inputrules@1.5.1:
    dependencies:
      prosemirror-state: 1.4.4
      prosemirror-transform: 1.12.0

  prosemirror-keymap@1.2.3:
    dependencies:
      prosemirror-state: 1.4.4
      w3c-keyname: 2.2.8

  prosemirror-model@1.25.9:
    dependencies:
      orderedmap: 2.1.1

  prosemirror-schema-list@1.5.1:
    dependencies:
      prosemirror-model: 1.25.9
      prosemirror-state: 1.4.4
      prosemirror-transform: 1.12.0

  prosemirror-state@1.4.4:
    dependencies:
      prosemirror-model: 1.25.9
      prosemirror-transform: 1.12.0
      prosemirror-view: 1.42.0

  prosemirror-tables@1.8.5:
    dependencies:
      prosemirror-keymap: 1.2.3
      prosemirror-model: 1.25.9
      prosemirror-state: 1.4.4
      prosemirror-transform: 1.12.0
      prosemirror-view: 1.42.0

  prosemirror-transform@1.12.0:
    dependencies:
      prosemirror-model: 1.25.9

  prosemirror-view@1.42.0:
    dependencies:
      prosemirror-model: 1.25.9
      prosemirror-state: 1.4.4
      prosemirror-transform: 1.12.0

  react-dom@19.2.7(react@19.2.7):
    dependencies:
      react: 19.2.7
      scheduler: 0.27.0

  react@19.2.7: {}

  rope-sequence@1.3.4: {}

  scheduler@0.27.0: {}

  use-sync-external-store@1.6.0(react@19.2.7):
    dependencies:
      react: 19.2.7

  w3c-keyname@2.2.8: {}
